Microsoft Visual Studio Solution File, Format Version 12.00
# Visual Studio Version 17
VisualStudioVersion = 17.5.2.0
MinimumVisualStudioVersion = 10.0.40219.1
Project("{FAE04EC0-301F-11D3-BF4B-00C04F79EFBC}") = "cautruclambada", "cautruclambada.csproj", "{5EBAAAB8-383C-93C6-1A2B-BA38702270EC}"
EndProject
Global
	GlobalSection(SolutionConfigurationPlatforms) = preSolution
		Debug|Any CPU = Debug|Any CPU
		Release|Any CPU = Release|Any CPU
	EndGlobalSection
	GlobalSection(ProjectConfigurationPlatforms) = postSolution
		{5EBAAAB8-383C-93C6-1A2B-BA38702270EC}.Debug|Any CPU.ActiveCfg = Debug|Any CPU
		{5EBAAAB8-383C-93C6-1A2B-BA38702270EC}.Debug|Any CPU.Build.0 = Debug|Any CPU
		{5EBAAAB8-383C-93C6-1A2B-BA38702270EC}.Release|Any CPU.ActiveCfg = Release|Any CPU
		{5EBAAAB8-383C-93C6-1A2B-BA38702270EC}.Release|Any CPU.Build.0 = Release|Any CPU
	EndGlobalSection
	GlobalSection(SolutionProperties) = preSolution
		HideSolutionNode = FALSE
	EndGlobalSection
	GlobalSection(ExtensibilityGlobals) = postSolution
		SolutionGuid = {CFF14D80-979F-4E1B-AF26-197C55200ABC}
	EndGlobalSection
EndGlobal
